
Microsoft Visual Studio Solution File, Format Version 12.00
# Visual Studio 2013
VisualStudioVersion = 12.0.30110.0
MinimumVisualStudioVersion = 10.0.40219.1
Project("{FAE04EC0-301F-11D3-BF4B-00C04F79EFBC}") = "MetricConverter", "MetricConverter\MetricConverter.csproj", "{B6C27D8D-75A3-4347-AD9F-C77A77BD148A}"
EndProject
Project("{2150E333-8FDC-42A3-9474-1A3956D46DE8}") = ".nuget", ".nuget", "{A7FEB44E-E56B-453E-8987-BE9F48E9FEEA}"
	ProjectSection(SolutionItems) = preProject
		.nuget\packages.config = .nuget\packages.config
	EndProjectSection
EndProject
Global
	GlobalSection(SolutionConfigurationPlatforms) = preSolution
		Debug|Any CPU = Debug|Any CPU
		Release|Any CPU = Release|Any CPU
	EndGlobalSection
	GlobalSection(ProjectConfigurationPlatforms) = postSolution
		{B6C27D8D-75A3-4347-AD9F-C77A77BD148A}.Debug|Any CPU.ActiveCfg = Debug|Any CPU
		{B6C27D8D-75A3-4347-AD9F-C77A77BD148A}.Debug|Any CPU.Build.0 = Debug|Any CPU
		{B6C27D8D-75A3-4347-AD9F-C77A77BD148A}.Release|Any CPU.ActiveCfg = Release|Any CPU
		{B6C27D8D-75A3-4347-AD9F-C77A77BD148A}.Release|Any CPU.Build.0 = Release|Any CPU
	EndGlobalSection
	GlobalSection(SolutionProperties) = preSolution
		HideSolutionNode = FALSE
	EndGlobalSection
EndGlobal
